// !$*UTF8*$!
{
	archiveVersion = 1;
	classes = {
	};
	objectVersion = 56;
	objects = {

/* Begin PBXBuildFile section */
		A0A3065829B5159900652262 /* Insomnia in Frameworks */ = {isa = PBXBuildFile; productRef = A0A3065729B5159900652262 /* Insomnia */; };
		A0B753B729B0E18100C50F6D /* TomatoroApp.swift in Sources */ = {isa = PBXBuildFile; fileRef = A0B753B629B0E18100C50F6D /* TomatoroApp.swift */; };
		A0B753B929B0E18100C50F6D /* PomodoroView.swift in Sources */ = {isa = PBXBuildFile; fileRef = A0B753B829B0E18100C50F6D /* PomodoroView.swift */; };
		A0B753BB29B0E18200C50F6D /* Assets.xcassets in Resources */ = {isa = PBXBuildFile; fileRef = A0B753BA29B0E18200C50F6D /* Assets.xcassets */; };
		A0B753BE29B0E18200C50F6D /* Preview Assets.xcassets in Resources */ = {isa = PBXBuildFile; fileRef = A0B753BD29B0E18200C50F6D /* Preview Assets.xcassets */; };
		A0D57F2729C0ACBA00908EEE /* PomodoroViewModel.swift in Sources */ = {isa = PBXBuildFile; fileRef = A0D57F2629C0ACBA00908EEE /* PomodoroViewModel.swift */; };
		A0D57F2929C0ACCA00908EEE /* ClockView.swift in Sources */ = {isa = PBXBuildFile; fileRef = A0D57F2829C0ACCA00908EEE /* ClockView.swift */; };
		A0D57F2B29C0AD0A00908EEE /* Constants.swift in Sources */ = {isa = PBXBuildFile; fileRef = A0D57F2A29C0AD0A00908EEE /* Constants.swift */; };
		A0D57F3A29C0AF8900908EEE /* PomodoroViewModelTests.swift in Sources */ = {isa = PBXBuildFile; fileRef = A0D57F3929C0AF8900908EEE /* PomodoroViewModelTests.swift */; };
/* End PBXBuildFile section */

/* Begin PBXContainerItemProxy section */
		A0D57F3429C0AE5700908EEE /* PBXContainerItemProxy */ = {
			isa = PBXContainerItemProxy;
			containerPortal = A0B753AB29B0E18100C50F6D /* Project object */;
			proxyType = 1;
			remoteGlobalIDString = A0B753B229B0E18100C50F6D;
			remoteInfo = Tomatoro;
		};
/* End PBXContainerItemProxy section */

/* Begin PBXFileReference section */
		A0B753B329B0E18100C50F6D /* Tomatoro.app */ = {isa = PBXFileReference; explicitFileType = wrapper.application; includeInIndex = 0; path = Tomatoro.app; sourceTree = BUILT_PRODUCTS_DIR; };
		A0B753B629B0E18100C50F6D /* TomatoroApp.swift */ = {isa = PBXFileReference; lastKnownFileType = sourcecode.swift; path = TomatoroApp.swift; sourceTree = "<group>"; };
		A0B753B829B0E18100C50F6D /* PomodoroView.swift */ = {isa = PBXFileReference; lastKnownFileType = sourcecode.swift; path = PomodoroView.swift; sourceTree = "<group>"; };
		A0B753BA29B0E18200C50F6D /* Assets.xcassets */ = {isa = PBXFileReference; lastKnownFileType = folder.assetcatalog; path = Assets.xcassets; sourceTree = "<group>"; };
		A0B753BD29B0E18200C50F6D /* Preview Assets.xcassets */ = {isa = PBXFileReference; lastKnownFileType = folder.assetcatalog; path = "Preview Assets.xcassets"; sourceTree = "<group>"; };
		A0D57F2629C0ACBA00908EEE /* PomodoroViewModel.swift */ = {isa = PBXFileReference; fileEncoding = 4; lastKnownFileType = sourcecode.swift; path = PomodoroViewModel.swift; sourceTree = "<group>"; };
		A0D57F2829C0ACCA00908EEE /* ClockView.swift */ = {isa = PBXFileReference; fileEncoding = 4; lastKnownFileType = sourcecode.swift; path = ClockView.swift; sourceTree = "<group>"; };
		A0D57F2A29C0AD0A00908EEE /* Constants.swift */ = {isa = PBXFileReference; lastKnownFileType = sourcecode.swift; path = Constants.swift; sourceTree = "<group>"; };
		A0D57F3029C0AE5600908EEE /* TomatoroTests.xctest */ = {isa = PBXFileReference; explicitFileType = wrapper.cfbundle; includeInIndex = 0; path = TomatoroTests.xctest; sourceTree = BUILT_PRODUCTS_DIR; };
		A0D57F3929C0AF8900908EEE /* PomodoroViewModelTests.swift */ = {isa = PBXFileReference; lastKnownFileType = sourcecode.swift; path = PomodoroViewModelTests.swift; sourceTree = "<group>"; };
/* End PBXFileReference section */

/* Begin PBXFrameworksBuildPhase section */
		A0B753B029B0E18100C50F6D /* Frameworks */ = {
			isa = PBXFrameworksBuildPhase;
			buildActionMask = 2147483647;
			files = (
				A0A3065829B5159900652262 /* Insomnia in Frameworks */,
			);
			runOnlyForDeploymentPostprocessing = 0;
		};
		A0D57F2D29C0AE5600908EEE /* Frameworks */ = {
			isa = PBXFrameworksBuildPhase;
			buildActionMask = 2147483647;
			files = (
			);
			runOnlyForDeploymentPostprocessing = 0;
		};
/* End PBXFrameworksBuildPhase section */

/* Begin PBXGroup section */
		A0B753AA29B0E18100C50F6D = {
			isa = PBXGroup;
			children = (
				A0B753B529B0E18100C50F6D /* Tomatoro */,
				A0D57F3129C0AE5700908EEE /* TomatoroTests */,
				A0B753B429B0E18100C50F6D /* Products */,
			);
			sourceTree = "<group>";
		};
		A0B753B429B0E18100C50F6D /* Products */ = {
			isa = PBXGroup;
			children = (
				A0B753B329B0E18100C50F6D /* Tomatoro.app */,
				A0D57F3029C0AE5600908EEE /* TomatoroTests.xctest */,
			);
			name = Products;
			sourceTree = "<group>";
		};
		A0B753B529B0E18100C50F6D /* Tomatoro */ = {
			isa = PBXGroup;
			children = (
				A0B753B629B0E18100C50F6D /* TomatoroApp.swift */,
				A0D57F2A29C0AD0A00908EEE /* Constants.swift */,
				A0D57F2829C0ACCA00908EEE /* ClockView.swift */,
				A0D57F2629C0ACBA00908EEE /* PomodoroViewModel.swift */,
				A0B753B829B0E18100C50F6D /* PomodoroView.swift */,
				A0B753BA29B0E18200C50F6D /* Assets.xcassets */,
				A0B753BC29B0E18200C50F6D /* Preview Content */,
			);
			path = Tomatoro;
			sourceTree = "<group>";
		};
		A0B753BC29B0E18200C50F6D /* Preview Content */ = {
			isa = PBXGroup;
			children = (
				A0B753BD29B0E18200C50F6D /* Preview Assets.xcassets */,
			);
			path = "Preview Content";
			sourceTree = "<group>";
		};
		A0D57F3129C0AE5700908EEE /* TomatoroTests */ = {
			isa = PBXGroup;
			children = (
				A0D57F3929C0AF8900908EEE /* PomodoroViewModelTests.swift */,
			);
			path = TomatoroTests;
			sourceTree = "<group>";
		};
/* End PBXGroup section */

/* Begin PBXNativeTarget section */
		A0B753B229B0E18100C50F6D /* Tomatoro */ = {
			isa = PBXNativeTarget;
			buildConfigurationList = A0B753C129B0E18200C50F6D /* Build configuration list for PBXNativeTarget "Tomatoro" */;
			buildPhases = (
				A0B753AF29B0E18100C50F6D /* Sources */,
				A0B753B029B0E18100C50F6D /* Frameworks */,
				A0B753B129B0E18100C50F6D /* Resources */,
			);
			buildRules = (
			);
			dependencies = (
			);
			name = Tomatoro;
			packageProductDependencies = (
				A0A3065729B5159900652262 /* Insomnia */,
			);
			productName = Tomatoro;
			productReference = A0B753B329B0E18100C50F6D /* Tomatoro.app */;
			productType = "com.apple.product-type.application";
		};
		A0D57F2F29C0AE5600908EEE /* TomatoroTests */ = {
			isa = PBXNativeTarget;
			buildConfigurationList = A0D57F3629C0AE5700908EEE /* Build configuration list for PBXNativeTarget "TomatoroTests" */;
			buildPhases = (
				A0D57F2C29C0AE5600908EEE /* Sources */,
				A0D57F2D29C0AE5600908EEE /* Frameworks */,
				A0D57F2E29C0AE5600908EEE /* Resources */,
			);
			buildRules = (
			);
			dependencies = (
				A0D57F3529C0AE5700908EEE /* PBXTargetDependency */,
			);
			name = TomatoroTests;
			productName = TomatoroTests;
			productReference = A0D57F3029C0AE5600908EEE /* TomatoroTests.xctest */;
			productType = "com.apple.product-type.bundle.unit-test";
		};
/* End PBXNativeTarget section */

/* Begin PBXProject section */
		A0B753AB29B0E18100C50F6D /* Project object */ = {
			isa = PBXProject;
			attributes = {
				BuildIndependentTargetsInParallel = 1;
				LastSwiftUpdateCheck = 1420;
				LastUpgradeCheck = 1420;
				TargetAttributes = {
					A0B753B229B0E18100C50F6D = {
						CreatedOnToolsVersion = 14.2;
					};
					A0D57F2F29C0AE5600908EEE = {
						CreatedOnToolsVersion = 14.2;
						TestTargetID = A0B753B229B0E18100C50F6D;
					};
				};
			};
			buildConfigurationList = A0B753AE29B0E18100C50F6D /* Build configuration list for PBXProject "Tomatoro" */;
			compatibilityVersion = "Xcode 14.0";
			developmentRegion = en;
			hasScannedForEncodings = 0;
			knownRegions = (
				en,
				Base,
			);
			mainGroup = A0B753AA29B0E18100C50F6D;
			packageReferences = (
				A0A3065629B5159900652262 /* XCRemoteSwiftPackageReference "Insomnia" */,
			);
			productRefGroup = A0B753B429B0E18100C50F6D /* Products */;
			projectDirPath = "";
			projectRoot = "";
			targets = (
				A0B753B229B0E18100C50F6D /* Tomatoro */,
				A0D57F2F29C0AE5600908EEE /* TomatoroTests */,
			);
		};
/* End PBXProject section */

/* Begin PBXResourcesBuildPhase section */
		A0B753B129B0E18100C50F6D /* Resources */ = {
			isa = PBXResourcesBuildPhase;
			buildActionMask = 2147483647;
			files = (
				A0B753BE29B0E18200C50F6D /* Preview Assets.xcassets in Resources */,
				A0B753BB29B0E18200C50F6D /* Assets.xcassets in Resources */,
			);
			runOnlyForDeploymentPostprocessing = 0;
		};
		A0D57F2E29C0AE5600908EEE /* Resources */ = {
			isa = PBXResourcesBuildPhase;
			buildActionMask = 2147483647;
			files = (
			);
			runOnlyForDeploymentPostprocessing = 0;
		};
/* End PBXResourcesBuildPhase section */

/* Begin PBXSourcesBuildPhase section */
		A0B753AF29B0E18100C50F6D /* Sources */ = {
			isa = PBXSourcesBuildPhase;
			buildActionMask = 2147483647;
			files = (
				A0D57F2B29C0AD0A00908EEE /* Constants.swift in Sources */,
				A0B753B929B0E18100C50F6D /* PomodoroView.swift in Sources */,
				A0D57F2929C0ACCA00908EEE /* ClockView.swift in Sources */,
				A0B753B729B0E18100C50F6D /* TomatoroApp.swift in Sources */,
				A0D57F2729C0ACBA00908EEE /* PomodoroViewModel.swift in Sources */,
			);
			runOnlyForDeploymentPostprocessing = 0;
		};
		A0D57F2C29C0AE5600908EEE /* Sources */ = {
			isa = PBXSourcesBuildPhase;
			buildActionMask = 2147483647;
			files = (
				A0D57F3A29C0AF8900908EEE /* PomodoroViewModelTests.swift in Sources */,
			);
			runOnlyForDeploymentPostprocessing = 0;
		};
/* End PBXSourcesBuildPhase section */

/* Begin PBXTargetDependency section */
		A0D57F3529C0AE5700908EEE /* PBXTargetDependency */ = {
			isa = PBXTargetDependency;
			target = A0B753B229B0E18100C50F6D /* Tomatoro */;
			targetProxy = A0D57F3429C0AE5700908EEE /* PBXContainerItemProxy */;
		};
/* End PBXTargetDependency section */

/* Begin XCBuildConfiguration section */
		A0B753BF29B0E18200C50F6D /* Debug */ = {
			isa = XCBuildConfiguration;
			buildSettings = {
				ALWAYS_SEARCH_USER_PATHS = NO;
				CLANG_ANALYZER_NONNULL = YES;
				CLANG_ANALYZER_NUMBER_OBJECT_CONVERSION = YES_AGGRESSIVE;
				CLANG_CXX_LANGUAGE_STANDARD = "gnu++20";
				CLANG_ENABLE_MODULES = YES;
				CLANG_ENABLE_OBJC_ARC = YES;
				CLANG_ENABLE_OBJC_WEAK = YES;
				CLANG_WARN_BLOCK_CAPTURE_AUTORELEASING = YES;
				CLANG_WARN_BOOL_CONVERSION = YES;
				CLANG_WARN_COMMA = YES;
				CLANG_WARN_CONSTANT_CONVERSION = YES;
				CLANG_WARN_DEPRECATED_OBJC_IMPLEMENTATIONS = YES;
				CLANG_WARN_DIRECT_OBJC_ISA_USAGE = YES_ERROR;
				CLANG_WARN_DOCUMENTATION_COMMENTS = YES;
				CLANG_WARN_EMPTY_BODY = YES;
				CLANG_WARN_ENUM_CONVERSION = YES;
				CLANG_WARN_INFINITE_RECURSION = YES;
				CLANG_WARN_INT_CONVERSION = YES;
				CLANG_WARN_NON_LITERAL_NULL_CONVERSION = YES;
				CLANG_WARN_OBJC_IMPLICIT_RETAIN_SELF = YES;
				CLANG_WARN_OBJC_LITERAL_CONVERSION = YES;
				CLANG_WARN_OBJC_ROOT_CLASS = YES_ERROR;
				CLANG_WARN_QUOTED_INCLUDE_IN_FRAMEWORK_HEADER = YES;
				CLANG_WARN_RANGE_LOOP_ANALYSIS = YES;
				CLANG_WARN_STRICT_PROTOTYPES = YES;
				CLANG_WARN_SUSPICIOUS_MOVE = YES;
				CLANG_WARN_UNGUARDED_AVAILABILITY = YES_AGGRESSIVE;
				CLANG_WARN_UNREACHABLE_CODE = YES;
				CLANG_WARN__DUPLICATE_METHOD_MATCH = YES;
				COPY_PHASE_STRIP = NO;
				DEBUG_INFORMATION_FORMAT = dwarf;
				ENABLE_STRICT_OBJC_MSGSEND = YES;
				ENABLE_TESTABILITY = YES;
				GCC_C_LANGUAGE_STANDARD = gnu11;
				GCC_DYNAMIC_NO_PIC = NO;
				GCC_NO_COMMON_BLOCKS = YES;
				GCC_OPTIMIZATION_LEVEL = 0;
				GCC_PREPROCESSOR_DEFINITIONS = (
					"DEBUG=1",
					"$(inherited)",
				);
				GCC_WARN_64_TO_32_BIT_CONVERSION = YES;
				GCC_WARN_ABOUT_RETURN_TYPE = YES_ERROR;
				GCC_WARN_UNDECLARED_SELECTOR = YES;
				GCC_WARN_UNINITIALIZED_AUTOS = YES_AGGRESSIVE;
				GCC_WARN_UNUSED_FUNCTION = YES;
				GCC_WARN_UNUSED_VARIABLE = YES;
				IPHONEOS_DEPLOYMENT_TARGET = 16.2;
				MTL_ENABLE_DEBUG_INFO = INCLUDE_SOURCE;
				MTL_FAST_MATH = YES;
				ONLY_ACTIVE_ARCH = YES;
				SDKROOT = iphoneos;
				SWIFT_ACTIVE_COMPILATION_CONDITIONS = DEBUG;
				SWIFT_OPTIMIZATION_LEVEL = "-Onone";
			};
			name = Debug;
		};
		A0B753C029B0E18200C50F6D /* Release */ = {
			isa = XCBuildConfiguration;
			buildSettings = {
				ALWAYS_SEARCH_USER_PATHS = NO;
				CLANG_ANALYZER_NONNULL = YES;
				CLANG_ANALYZER_NUMBER_OBJECT_CONVERSION = YES_AGGRESSIVE;
				CLANG_CXX_LANGUAGE_STANDARD = "gnu++20";
				CLANG_ENABLE_MODULES = YES;
				CLANG_ENABLE_OBJC_ARC = YES;
				CLANG_ENABLE_OBJC_WEAK = YES;
				CLANG_WARN_BLOCK_CAPTURE_AUTORELEASING = YES;
				CLANG_WARN_BOOL_CONVERSION = YES;
				CLANG_WARN_COMMA = YES;
				CLANG_WARN_CONSTANT_CONVERSION = YES;
				CLANG_WARN_DEPRECATED_OBJC_IMPLEMENTATIONS = YES;
				CLANG_WARN_DIRECT_OBJC_ISA_USAGE = YES_ERROR;
				CLANG_WARN_DOCUMENTATION_COMMENTS = YES;
				CLANG_WARN_EMPTY_BODY = YES;
				CLANG_WARN_ENUM_CONVERSION = YES;
				CLANG_WARN_INFINITE_RECURSION = YES;
				CLANG_WARN_INT_CONVERSION = YES;
				CLANG_WARN_NON_LITERAL_NULL_CONVERSION = YES;
				CLANG_WARN_OBJC_IMPLICIT_RETAIN_SELF = YES;
				CLANG_WARN_OBJC_LITERAL_CONVERSION = YES;
				CLANG_WARN_OBJC_ROOT_CLASS = YES_ERROR;
				CLANG_WARN_QUOTED_INCLUDE_IN_FRAMEWORK_HEADER = YES;
				CLANG_WARN_RANGE_LOOP_ANALYSIS = YES;
				CLANG_WARN_STRICT_PROTOTYPES = YES;
				CLANG_WARN_SUSPICIOUS_MOVE = YES;
				CLANG_WARN_UNGUARDED_AVAILABILITY = YES_AGGRESSIVE;
				CLANG_WARN_UNREACHABLE_CODE = YES;
				CLANG_WARN__DUPLICATE_METHOD_MATCH = YES;
				COPY_PHASE_STRIP = NO;
				DEBUG_INFORMATION_FORMAT = "dwarf-with-dsym";
				ENABLE_NS_ASSERTIONS = NO;
				ENABLE_STRICT_OBJC_MSGSEND = YES;
				GCC_C_LANGUAGE_STANDARD = gnu11;
				GCC_NO_COMMON_BLOCKS = YES;
				GCC_WARN_64_TO_32_BIT_CONVERSION = YES;
				GCC_WARN_ABOUT_RETURN_TYPE = YES_ERROR;
				GCC_WARN_UNDECLARED_SELECTOR = YES;
				GCC_WARN_UNINITIALIZED_AUTOS = YES_AGGRESSIVE;
				GCC_WARN_UNUSED_FUNCTION = YES;
				GCC_WARN_UNUSED_VARIABLE = YES;
				IPHONEOS_DEPLOYMENT_TARGET = 16.2;
				MTL_ENABLE_DEBUG_INFO = NO;
				MTL_FAST_MATH = YES;
				SDKROOT = iphoneos;
				SWIFT_COMPILATION_MODE = wholemodule;
				SWIFT_OPTIMIZATION_LEVEL = "-O";
				VALIDATE_PRODUCT = YES;
			};
			name = Release;
		};
		A0B753C229B0E18200C50F6D /* Debug */ = {
			isa = XCBuildConfiguration;
			buildSettings = {
				ASSETCATALOG_COMPILER_APPICON_NAME = AppIcon;
				ASSETCATALOG_COMPILER_GLOBAL_ACCENT_COLOR_NAME = AccentColor;
				CODE_SIGN_STYLE = Automatic;
				CURRENT_PROJECT_VERSION = 1;
				DEVELOPMENT_ASSET_PATHS = "\"Tomatoro/Preview Content\"";
				DEVELOPMENT_TEAM = 7KN966P9LP;
				ENABLE_PREVIEWS = YES;
				GENERATE_INFOPLIST_FILE = YES;
				INFOPLIST_KEY_UIApplicationSceneManifest_Generation = YES;
				INFOPLIST_KEY_UIApplicationSupportsIndirectInputEvents = YES;
				INFOPLIST_KEY_UILaunchScreen_Generation = YES;
				INFOPLIST_KEY_UISupportedInterfaceOrientations_iPad = "UIInterfaceOrientationPortrait UIInterfaceOrientationPortraitUpsideDown UIInterfaceOrientationLandscapeLeft UIInterfaceOrientationLandscapeRight";
				INFOPLIST_KEY_UISupportedInterfaceOrientations_iPhone = "UIInterfaceOrientationPortrait UIInterfaceOrientationLandscapeLeft UIInterfaceOrientationLandscapeRight";
				LD_RUNPATH_SEARCH_PATHS = (
					"$(inherited)",
					"@executable_path/Frameworks",
				);
				MARKETING_VERSION = 1.0;
				PRODUCT_BUNDLE_IDENTIFIER = com.verticalcoding.Tomatoro;
				PRODUCT_NAME = "$(TARGET_NAME)";
				SWIFT_EMIT_LOC_STRINGS = YES;
				SWIFT_VERSION = 5.0;
				TARGETED_DEVICE_FAMILY = "1,2";
			};
			name = Debug;
		};
		A0B753C329B0E18200C50F6D /* Release */ = {
			isa = XCBuildConfiguration;
			buildSettings = {
				ASSETCATALOG_COMPILER_APPICON_NAME = AppIcon;
				ASSETCATALOG_COMPILER_GLOBAL_ACCENT_COLOR_NAME = AccentColor;
				CODE_SIGN_STYLE = Automatic;
				CURRENT_PROJECT_VERSION = 1;
				DEVELOPMENT_ASSET_PATHS = "\"Tomatoro/Preview Content\"";
				DEVELOPMENT_TEAM = 7KN966P9LP;
				ENABLE_PREVIEWS = YES;
				GENERATE_INFOPLIST_FILE = YES;
				INFOPLIST_KEY_UIApplicationSceneManifest_Generation = YES;
				INFOPLIST_KEY_UIApplicationSupportsIndirectInputEvents = YES;
				INFOPLIST_KEY_UILaunchScreen_Generation = YES;
				INFOPLIST_KEY_UISupportedInterfaceOrientations_iPad = "UIInterfaceOrientationPortrait UIInterfaceOrientationPortraitUpsideDown UIInterfaceOrientationLandscapeLeft UIInterfaceOrientationLandscapeRight";
				INFOPLIST_KEY_UISupportedInterfaceOrientations_iPhone = "UIInterfaceOrientationPortrait UIInterfaceOrientationLandscapeLeft UIInterfaceOrientationLandscapeRight";
				LD_RUNPATH_SEARCH_PATHS = (
					"$(inherited)",
					"@executable_path/Frameworks",
				);
				MARKETING_VERSION = 1.0;
				PRODUCT_BUNDLE_IDENTIFIER = com.verticalcoding.Tomatoro;
				PRODUCT_NAME = "$(TARGET_NAME)";
				SWIFT_EMIT_LOC_STRINGS = YES;
				SWIFT_VERSION = 5.0;
				TARGETED_DEVICE_FAMILY = "1,2";
			};
			name = Release;
		};
		A0D57F3729C0AE5700908EEE /* Debug */ = {
			isa = XCBuildConfiguration;
			buildSettings = {
				BUNDLE_LOADER = "$(TEST_HOST)";
				CODE_SIGN_STYLE = Automatic;
				CURRENT_PROJECT_VERSION = 1;
				DEVELOPMENT_TEAM = 7KN966P9LP;
				GENERATE_INFOPLIST_FILE = YES;
				IPHONEOS_DEPLOYMENT_TARGET = 16.2;
				MACOSX_DEPLOYMENT_TARGET = 13.1;
				MARKETING_VERSION = 1.0;
				PRODUCT_BUNDLE_IDENTIFIER = com.verticalcoding.TomatoroTests;
				PRODUCT_NAME = "$(TARGET_NAME)";
				SDKROOT = auto;
				SUPPORTED_PLATFORMS = "iphoneos iphonesimulator macosx";
				SWIFT_EMIT_LOC_STRINGS = NO;
				SWIFT_VERSION = 5.0;
				TARGETED_DEVICE_FAMILY = "1,2";
				TEST_HOST = "$(BUILT_PRODUCTS_DIR)/Tomatoro.app/$(BUNDLE_EXECUTABLE_FOLDER_PATH)/Tomatoro";
			};
			name = Debug;
		};
		A0D57F3829C0AE5700908EEE /* Release */ = {
			isa = XCBuildConfiguration;
			buildSettings = {
				BUNDLE_LOADER = "$(TEST_HOST)";
				CODE_SIGN_STYLE = Automatic;
				CURRENT_PROJECT_VERSION = 1;
				DEVELOPMENT_TEAM = 7KN966P9LP;
				GENERATE_INFOPLIST_FILE = YES;
				IPHONEOS_DEPLOYMENT_TARGET = 16.2;
				MACOSX_DEPLOYMENT_TARGET = 13.1;
				MARKETING_VERSION = 1.0;
				PRODUCT_BUNDLE_IDENTIFIER = com.verticalcoding.TomatoroTests;
				PRODUCT_NAME = "$(TARGET_NAME)";
				SDKROOT = auto;
				SUPPORTED_PLATFORMS = "iphoneos iphonesimulator macosx";
				SWIFT_EMIT_LOC_STRINGS = NO;
				SWIFT_VERSION = 5.0;
				TARGETED_DEVICE_FAMILY = "1,2";
				TEST_HOST = "$(BUILT_PRODUCTS_DIR)/Tomatoro.app/$(BUNDLE_EXECUTABLE_FOLDER_PATH)/Tomatoro";
			};
			name = Release;
		};
/* End XCBuildConfiguration section */

/* Begin XCConfigurationList section */
		A0B753AE29B0E18100C50F6D /* Build configuration list for PBXProject "Tomatoro" */ = {
			isa = XCConfigurationList;
			buildConfigurations = (
				A0B753BF29B0E18200C50F6D /* Debug */,
				A0B753C029B0E18200C50F6D /* Release */,
			);
			defaultConfigurationIsVisible = 0;
			defaultConfigurationName = Release;
		};
		A0B753C129B0E18200C50F6D /* Build configuration list for PBXNativeTarget "Tomatoro" */ = {
			isa = XCConfigurationList;
			buildConfigurations = (
				A0B753C229B0E18200C50F6D /* Debug */,
				A0B753C329B0E18200C50F6D /* Release */,
			);
			defaultConfigurationIsVisible = 0;
			defaultConfigurationName = Release;
		};
		A0D57F3629C0AE5700908EEE /* Build configuration list for PBXNativeTarget "TomatoroTests" */ = {
			isa = XCConfigurationList;
			buildConfigurations = (
				A0D57F3729C0AE5700908EEE /* Debug */,
				A0D57F3829C0AE5700908EEE /* Release */,
			);
			defaultConfigurationIsVisible = 0;
			defaultConfigurationName = Release;
		};
/* End XCConfigurationList section */

/* Begin XCRemoteSwiftPackageReference section */
		A0A3065629B5159900652262 /* XCRemoteSwiftPackageReference "Insomnia" */ = {
			isa = XCRemoteSwiftPackageReference;
			repositoryURL = "https://github.com/ochococo/Insomnia";
			requirement = {
				kind = upToNextMajorVersion;
				minimumVersion = 2.0.0;
			};
		};
/* End XCRemoteSwiftPackageReference section */

/* Begin XCSwiftPackageProductDependency section */
		A0A3065729B5159900652262 /* Insomnia */ = {
			isa = XCSwiftPackageProductDependency;
			package = A0A3065629B5159900652262 /* XCRemoteSwiftPackageReference "Insomnia" */;
			productName = Insomnia;
		};
/* End XCSwiftPackageProductDependency section */
	};
	rootObject = A0B753AB29B0E18100C50F6D /* Project object */;
}
